// !$*UTF8*$!
{
	archiveVersion = 1;
	classes = {
	};
	objectVersion = 77;
	objects = {

/* Begin PBXBuildFile section */
		03D9F51EDDE005F7124C585E /* StatsView.swift in Sources */ = {isa = PBXBuildFile; fileRef = E01CA94A4180E416AA640CD3 /* StatsView.swift */; };
		06DF3C82AC8BFA2B2FABCC9A /* DetailView.swift in Sources */ = {isa = PBXBuildFile; fileRef = 59E50BAFCB9D6040786D8AA5 /* DetailView.swift */; };
		06ED70C3D92CFE6E5B68BD33 /* Stations.json in Resources */ = {isa = PBXBuildFile; fileRef = 5EEA259AADBF2016936775D2 /* Stations.json */; };
		0ECFA8F3E1421470DA7AC208 /* SnapshotSupport.swift in Sources */ = {isa = PBXBuildFile; fileRef = A3F3B555D0E8C047D28700A3 /* SnapshotSupport.swift */; };
		118A804E094C2228D44F6CDB /* SyncView.swift in Sources */ = {isa = PBXBuildFile; fileRef = FFE92724140AAAC37939E021 /* SyncView.swift */; };
		14BFB2F70C742AA1CF15A49A /* AddEditView.swift in Sources */ = {isa = PBXBuildFile; fileRef = FD09BFD75C0F17F8E1917E88 /* AddEditView.swift */; };
		1C8DA929F84D1C0EFA76E0D1 /* IMAPClient.swift in Sources */ = {isa = PBXBuildFile; fileRef = 23E50F600D69B7B3DD401836 /* IMAPClient.swift */; };
		250237868843E228A071FCFF /* MailCandidate.swift in Sources */ = {isa = PBXBuildFile; fileRef = DF00BE1DE1155E059560DE03 /* MailCandidate.swift */; };
		3ACF32B6C965336BD833E072 /* Theme.swift in Sources */ = {isa = PBXBuildFile; fileRef = 16D62E0F217919BEC9C2F072 /* Theme.swift */; };
		464E395F670D510F4E37C065 /* Keychain.swift in Sources */ = {isa = PBXBuildFile; fileRef = 0DCDE0E15B46A72822988C47 /* Keychain.swift */; };
		54D7F0DF3FBC410A61262D43 /* TravelNotesApp.swift in Sources */ = {isa = PBXBuildFile; fileRef = EDC108E80505DF165E030AA8 /* TravelNotesApp.swift */; };
		569F6BC5307882EB90D8BB9F /* TicketMailParser.swift in Sources */ = {isa = PBXBuildFile; fileRef = 66398E8910569CBED70CAC5F /* TicketMailParser.swift */; };
		5D0B3865925453062C59006B /* TripNotifications.swift in Sources */ = {isa = PBXBuildFile; fileRef = C2C875640D3DFC1A9FD585FB /* TripNotifications.swift */; };
		650751ACC9E5B8ED1CAB4D75 /* AppData.swift in Sources */ = {isa = PBXBuildFile; fileRef = F9AC46EEA0F956F74686FBD5 /* AppData.swift */; };
		7899253486276AD5A7592E38 /* MailSyncEngine.swift in Sources */ = {isa = PBXBuildFile; fileRef = 3D9512507E2C98267B14CC95 /* MailSyncEngine.swift */; };
		87109F78D23D4CED4377F172 /* PhotoStore.swift in Sources */ = {isa = PBXBuildFile; fileRef = 97E348A1F1ADE04F9321F5E1 /* PhotoStore.swift */; };
		8F6B2E360625A4350B8BD613 /* BoardView.swift in Sources */ = {isa = PBXBuildFile; fileRef = 00B13E826AF4D6816B857449 /* BoardView.swift */; };
		92D44B7F5FD696EADD436A6A /* MIME.swift in Sources */ = {isa = PBXBuildFile; fileRef = 393A14FB558B619CBC4923A7 /* MIME.swift */; };
		964E880D95F0EE12F8A96D47 /* HomeView.swift in Sources */ = {isa = PBXBuildFile; fileRef = A57352F1DDBDE9EB0A68080F /* HomeView.swift */; };
		9949E0FDEB1455537622BF2B /* TrainScheduleService.swift in Sources */ = {isa = PBXBuildFile; fileRef = BAC058B68A931597D863DFFC /* TrainScheduleService.swift */; };
		9EFB1FCF9FA94514C9CCF152 /* Stations.swift in Sources */ = {isa = PBXBuildFile; fileRef = B82D5DDF21F1625CADE43092 /* Stations.swift */; };
		A3C32279C3120F7421FF0ED1 /* TrainLiveService.swift in Sources */ = {isa = PBXBuildFile; fileRef = 30D19CCAB464A8FF70EF1F2D /* TrainLiveService.swift */; };
		A9937BDB70F37820405B71AA /* TicketEntry.swift in Sources */ = {isa = PBXBuildFile; fileRef = 8F846C97D7CAC1BB047BEBD8 /* TicketEntry.swift */; };
		BDDB9C32B14D779AB4CD4F4A /* TicketViews.swift in Sources */ = {isa = PBXBuildFile; fileRef = E3597E02BC7C15DF6AB8DD1D /* TicketViews.swift */; };
		C4D125CF6135EDCDBB8CFFE6 /* TripCalendar.swift in Sources */ = {isa = PBXBuildFile; fileRef = F0AC828E983F2A4E97CEA786 /* TripCalendar.swift */; };
		DB948EA30625F17FDD36F044 /* Assets.xcassets in Resources */ = {isa = PBXBuildFile; fileRef = A7FD49004D7F6BE9AE3F2C23 /* Assets.xcassets */; };
		E5B84B49C2722079927095B0 /* TripView.swift in Sources */ = {isa = PBXBuildFile; fileRef = D59306F419C23FACE2DD11D8 /* TripView.swift */; };
		ECDD9609F85D9D40DCAD7CD2 /* FootprintView.swift in Sources */ = {isa = PBXBuildFile; fileRef = B2F8520E6195BB7CF8FD0860 /* FootprintView.swift */; };
		F3A7D5B87A9736A753FD422F /* SampleData.swift in Sources */ = {isa = PBXBuildFile; fileRef = CE5EF1759030C9D4426F039C /* SampleData.swift */; };
/* End PBXBuildFile section */

/* Begin PBXFileReference section */
		00B13E826AF4D6816B857449 /* BoardView.swift */ = {isa = PBXFileReference; lastKnownFileType = sourcecode.swift; path = BoardView.swift; sourceTree = "<group>"; };
		0DCDE0E15B46A72822988C47 /* Keychain.swift */ = {isa = PBXFileReference; lastKnownFileType = sourcecode.swift; path = Keychain.swift; sourceTree = "<group>"; };
		16D62E0F217919BEC9C2F072 /* Theme.swift */ = {isa = PBXFileReference; lastKnownFileType = sourcecode.swift; path = Theme.swift; sourceTree = "<group>"; };
		23E50F600D69B7B3DD401836 /* IMAPClient.swift */ = {isa = PBXFileReference; lastKnownFileType = sourcecode.swift; path = IMAPClient.swift; sourceTree = "<group>"; };
		30D19CCAB464A8FF70EF1F2D /* TrainLiveService.swift */ = {isa = PBXFileReference; lastKnownFileType = sourcecode.swift; path = TrainLiveService.swift; sourceTree = "<group>"; };
		393A14FB558B619CBC4923A7 /* MIME.swift */ = {isa = PBXFileReference; lastKnownFileType = sourcecode.swift; path = MIME.swift; sourceTree = "<group>"; };
		3AF2DBB6784DA28C1C0EBE06 /* Info.plist */ = {isa = PBXFileReference; lastKnownFileType = text.plist; path = Info.plist; sourceTree = "<group>"; };
		3D9512507E2C98267B14CC95 /* MailSyncEngine.swift */ = {isa = PBXFileReference; lastKnownFileType = sourcecode.swift; path = MailSyncEngine.swift; sourceTree = "<group>"; };
		59E50BAFCB9D6040786D8AA5 /* DetailView.swift */ = {isa = PBXFileReference; lastKnownFileType = sourcecode.swift; path = DetailView.swift; sourceTree = "<group>"; };
		5EEA259AADBF2016936775D2 /* Stations.json */ = {isa = PBXFileReference; lastKnownFileType = text.json; path = Stations.json; sourceTree = "<group>"; };
		66398E8910569CBED70CAC5F /* TicketMailParser.swift */ = {isa = PBXFileReference; lastKnownFileType = sourcecode.swift; path = TicketMailParser.swift; sourceTree = "<group>"; };
		8F846C97D7CAC1BB047BEBD8 /* TicketEntry.swift */ = {isa = PBXFileReference; lastKnownFileType = sourcecode.swift; path = TicketEntry.swift; sourceTree = "<group>"; };
		97E348A1F1ADE04F9321F5E1 /* PhotoStore.swift */ = {isa = PBXFileReference; lastKnownFileType = sourcecode.swift; path = PhotoStore.swift; sourceTree = "<group>"; };
		A3F3B555D0E8C047D28700A3 /* SnapshotSupport.swift */ = {isa = PBXFileReference; lastKnownFileType = sourcecode.swift; path = SnapshotSupport.swift; sourceTree = "<group>"; };
		A57352F1DDBDE9EB0A68080F /* HomeView.swift */ = {isa = PBXFileReference; lastKnownFileType = sourcecode.swift; path = HomeView.swift; sourceTree = "<group>"; };
		A7FD49004D7F6BE9AE3F2C23 /* Assets.xcassets */ = {isa = PBXFileReference; lastKnownFileType = folder.assetcatalog; path = Assets.xcassets; sourceTree = "<group>"; };
		B2F8520E6195BB7CF8FD0860 /* FootprintView.swift */ = {isa = PBXFileReference; lastKnownFileType = sourcecode.swift; path = FootprintView.swift; sourceTree = "<group>"; };
		B82D5DDF21F1625CADE43092 /* Stations.swift */ = {isa = PBXFileReference; lastKnownFileType = sourcecode.swift; path = Stations.swift; sourceTree = "<group>"; };
		BAC058B68A931597D863DFFC /* TrainScheduleService.swift */ = {isa = PBXFileReference; lastKnownFileType = sourcecode.swift; path = TrainScheduleService.swift; sourceTree = "<group>"; };
		C2C875640D3DFC1A9FD585FB /* TripNotifications.swift */ = {isa = PBXFileReference; lastKnownFileType = sourcecode.swift; path = TripNotifications.swift; sourceTree = "<group>"; };
		CE5EF1759030C9D4426F039C /* SampleData.swift */ = {isa = PBXFileReference; lastKnownFileType = sourcecode.swift; path = SampleData.swift; sourceTree = "<group>"; };
		D27BD5144A43710FAFE88ADD /* TravelNotes.app */ = {isa = PBXFileReference; includeInIndex = 0; lastKnownFileType = wrapper.application; path = TravelNotes.app; sourceTree = BUILT_PRODUCTS_DIR; };
		D59306F419C23FACE2DD11D8 /* TripView.swift */ = {isa = PBXFileReference; lastKnownFileType = sourcecode.swift; path = TripView.swift; sourceTree = "<group>"; };
		DF00BE1DE1155E059560DE03 /* MailCandidate.swift */ = {isa = PBXFileReference; lastKnownFileType = sourcecode.swift; path = MailCandidate.swift; sourceTree = "<group>"; };
		E01CA94A4180E416AA640CD3 /* StatsView.swift */ = {isa = PBXFileReference; lastKnownFileType = sourcecode.swift; path = StatsView.swift; sourceTree = "<group>"; };
		E3597E02BC7C15DF6AB8DD1D /* TicketViews.swift */ = {isa = PBXFileReference; lastKnownFileType = sourcecode.swift; path = TicketViews.swift; sourceTree = "<group>"; };
		EDC108E80505DF165E030AA8 /* TravelNotesApp.swift */ = {isa = PBXFileReference; lastKnownFileType = sourcecode.swift; path = TravelNotesApp.swift; sourceTree = "<group>"; };
		F0AC828E983F2A4E97CEA786 /* TripCalendar.swift */ = {isa = PBXFileReference; lastKnownFileType = sourcecode.swift; path = TripCalendar.swift; sourceTree = "<group>"; };
		F9AC46EEA0F956F74686FBD5 /* AppData.swift */ = {isa = PBXFileReference; lastKnownFileType = sourcecode.swift; path = AppData.swift; sourceTree = "<group>"; };
		FD09BFD75C0F17F8E1917E88 /* AddEditView.swift */ = {isa = PBXFileReference; lastKnownFileType = sourcecode.swift; path = AddEditView.swift; sourceTree = "<group>"; };
		FFE92724140AAAC37939E021 /* SyncView.swift */ = {isa = PBXFileReference; lastKnownFileType = sourcecode.swift; path = SyncView.swift; sourceTree = "<group>"; };
/* End PBXFileReference section */

/* Begin PBXGroup section */
		13C11AC0AEC606B056D9B16D /* Views */ = {
			isa = PBXGroup;
			children = (
				FD09BFD75C0F17F8E1917E88 /* AddEditView.swift */,
				00B13E826AF4D6816B857449 /* BoardView.swift */,
				59E50BAFCB9D6040786D8AA5 /* DetailView.swift */,
				B2F8520E6195BB7CF8FD0860 /* FootprintView.swift */,
				A57352F1DDBDE9EB0A68080F /* HomeView.swift */,
				E01CA94A4180E416AA640CD3 /* StatsView.swift */,
				FFE92724140AAAC37939E021 /* SyncView.swift */,
				E3597E02BC7C15DF6AB8DD1D /* TicketViews.swift */,
				D59306F419C23FACE2DD11D8 /* TripView.swift */,
			);
			path = Views;
			sourceTree = "<group>";
		};
		2EB6B8EDA2DDD354113A5026 /* Resources */ = {
			isa = PBXGroup;
			children = (
				5EEA259AADBF2016936775D2 /* Stations.json */,
			);
			path = Resources;
			sourceTree = "<group>";
		};
		54DB7DE093D86555B807B0FB = {
			isa = PBXGroup;
			children = (
				8CB38D5303F9BD16CDA8A90F /* TravelNotes */,
				B18A1CC6B0BA68E891092254 /* Products */,
			);
			sourceTree = "<group>";
		};
		8CB38D5303F9BD16CDA8A90F /* TravelNotes */ = {
			isa = PBXGroup;
			children = (
				A7FD49004D7F6BE9AE3F2C23 /* Assets.xcassets */,
				3AF2DBB6784DA28C1C0EBE06 /* Info.plist */,
				EDC108E80505DF165E030AA8 /* TravelNotesApp.swift */,
				8CE2B9A9880DECD6C0804ED9 /* Models */,
				2EB6B8EDA2DDD354113A5026 /* Resources */,
				C4193C32BE650E01E8CF21E5 /* Services */,
				A3B9E7D0E96FA021D4639A4C /* Shared */,
				13C11AC0AEC606B056D9B16D /* Views */,
			);
			path = TravelNotes;
			sourceTree = "<group>";
		};
		8CE2B9A9880DECD6C0804ED9 /* Models */ = {
			isa = PBXGroup;
			children = (
				DF00BE1DE1155E059560DE03 /* MailCandidate.swift */,
				CE5EF1759030C9D4426F039C /* SampleData.swift */,
				8F846C97D7CAC1BB047BEBD8 /* TicketEntry.swift */,
			);
			path = Models;
			sourceTree = "<group>";
		};
		A3B9E7D0E96FA021D4639A4C /* Shared */ = {
			isa = PBXGroup;
			children = (
				F9AC46EEA0F956F74686FBD5 /* AppData.swift */,
				16D62E0F217919BEC9C2F072 /* Theme.swift */,
			);
			path = Shared;
			sourceTree = "<group>";
		};
		B18A1CC6B0BA68E891092254 /* Products */ = {
			isa = PBXGroup;
			children = (
				D27BD5144A43710FAFE88ADD /* TravelNotes.app */,
			);
			name = Products;
			sourceTree = "<group>";
		};
		C4193C32BE650E01E8CF21E5 /* Services */ = {
			isa = PBXGroup;
			children = (
				23E50F600D69B7B3DD401836 /* IMAPClient.swift */,
				0DCDE0E15B46A72822988C47 /* Keychain.swift */,
				3D9512507E2C98267B14CC95 /* MailSyncEngine.swift */,
				393A14FB558B619CBC4923A7 /* MIME.swift */,
				97E348A1F1ADE04F9321F5E1 /* PhotoStore.swift */,
				A3F3B555D0E8C047D28700A3 /* SnapshotSupport.swift */,
				B82D5DDF21F1625CADE43092 /* Stations.swift */,
				66398E8910569CBED70CAC5F /* TicketMailParser.swift */,
				30D19CCAB464A8FF70EF1F2D /* TrainLiveService.swift */,
				BAC058B68A931597D863DFFC /* TrainScheduleService.swift */,
				F0AC828E983F2A4E97CEA786 /* TripCalendar.swift */,
				C2C875640D3DFC1A9FD585FB /* TripNotifications.swift */,
			);
			path = Services;
			sourceTree = "<group>";
		};
/* End PBXGroup section */

/* Begin PBXNativeTarget section */
		94F71236116D3B558A8BD843 /* TravelNotes */ = {
			isa = PBXNativeTarget;
			buildConfigurationList = FA1A822692ECA3A1DBFE6BE3 /* Build configuration list for PBXNativeTarget "TravelNotes" */;
			buildPhases = (
				6034767AA4BA8FE9A0D9EEBC /* Sources */,
				5AF806ADFA9DC1CEC64BDF2D /* Resources */,
			);
			buildRules = (
			);
			dependencies = (
			);
			name = TravelNotes;
			packageProductDependencies = (
			);
			productName = TravelNotes;
			productReference = D27BD5144A43710FAFE88ADD /* TravelNotes.app */;
			productType = "com.apple.product-type.application";
		};
/* End PBXNativeTarget section */

/* Begin PBXProject section */
		65CF1C13259372DA8E1E84C0 /* Project object */ = {
			isa = PBXProject;
			attributes = {
				BuildIndependentTargetsInParallel = YES;
				LastUpgradeCheck = 1430;
				TargetAttributes = {
					94F71236116D3B558A8BD843 = {
						DevelopmentTeam = Y8L223H5F9;
						ProvisioningStyle = Automatic;
					};
				};
			};
			buildConfigurationList = 239A25C9F85EDCC524CD2DBA /* Build configuration list for PBXProject "TravelNotes" */;
			developmentRegion = en;
			hasScannedForEncodings = 0;
			knownRegions = (
				Base,
				en,
			);
			mainGroup = 54DB7DE093D86555B807B0FB;
			minimizedProjectReferenceProxies = 1;
			preferredProjectObjectVersion = 77;
			productRefGroup = B18A1CC6B0BA68E891092254 /* Products */;
			projectDirPath = "";
			projectRoot = "";
			targets = (
				94F71236116D3B558A8BD843 /* TravelNotes */,
			);
		};
/* End PBXProject section */

/* Begin PBXResourcesBuildPhase section */
		5AF806ADFA9DC1CEC64BDF2D /* Resources */ = {
			isa = PBXResourcesBuildPhase;
			buildActionMask = 2147483647;
			files = (
				DB948EA30625F17FDD36F044 /* Assets.xcassets in Resources */,
				06ED70C3D92CFE6E5B68BD33 /* Stations.json in Resources */,
			);
			runOnlyForDeploymentPostprocessing = 0;
		};
/* End PBXResourcesBuildPhase section */

/* Begin PBXSourcesBuildPhase section */
		6034767AA4BA8FE9A0D9EEBC /* Sources */ = {
			isa = PBXSourcesBuildPhase;
			buildActionMask = 2147483647;
			files = (
				14BFB2F70C742AA1CF15A49A /* AddEditView.swift in Sources */,
				650751ACC9E5B8ED1CAB4D75 /* AppData.swift in Sources */,
				8F6B2E360625A4350B8BD613 /* BoardView.swift in Sources */,
				06DF3C82AC8BFA2B2FABCC9A /* DetailView.swift in Sources */,
				ECDD9609F85D9D40DCAD7CD2 /* FootprintView.swift in Sources */,
				964E880D95F0EE12F8A96D47 /* HomeView.swift in Sources */,
				1C8DA929F84D1C0EFA76E0D1 /* IMAPClient.swift in Sources */,
				464E395F670D510F4E37C065 /* Keychain.swift in Sources */,
				92D44B7F5FD696EADD436A6A /* MIME.swift in Sources */,
				250237868843E228A071FCFF /* MailCandidate.swift in Sources */,
				7899253486276AD5A7592E38 /* MailSyncEngine.swift in Sources */,
				87109F78D23D4CED4377F172 /* PhotoStore.swift in Sources */,
				F3A7D5B87A9736A753FD422F /* SampleData.swift in Sources */,
				0ECFA8F3E1421470DA7AC208 /* SnapshotSupport.swift in Sources */,
				9EFB1FCF9FA94514C9CCF152 /* Stations.swift in Sources */,
				03D9F51EDDE005F7124C585E /* StatsView.swift in Sources */,
				118A804E094C2228D44F6CDB /* SyncView.swift in Sources */,
				3ACF32B6C965336BD833E072 /* Theme.swift in Sources */,
				A9937BDB70F37820405B71AA /* TicketEntry.swift in Sources */,
				569F6BC5307882EB90D8BB9F /* TicketMailParser.swift in Sources */,
				BDDB9C32B14D779AB4CD4F4A /* TicketViews.swift in Sources */,
				A3C32279C3120F7421FF0ED1 /* TrainLiveService.swift in Sources */,
				9949E0FDEB1455537622BF2B /* TrainScheduleService.swift in Sources */,
				54D7F0DF3FBC410A61262D43 /* TravelNotesApp.swift in Sources */,
				C4D125CF6135EDCDBB8CFFE6 /* TripCalendar.swift in Sources */,
				5D0B3865925453062C59006B /* TripNotifications.swift in Sources */,
				E5B84B49C2722079927095B0 /* TripView.swift in Sources */,
			);
			runOnlyForDeploymentPostprocessing = 0;
		};
/* End PBXSourcesBuildPhase section */

/* Begin XCBuildConfiguration section */
		0AB9F566860E38414DC182F6 /* Release */ = {
			isa = XCBuildConfiguration;
			buildSettings = {
				INFOPLIST_FILE = TravelNotes/Info.plist;
				PRODUCT_BUNDLE_IDENTIFIER = com.bmfish.TravelNotes;
			};
			name = Release;
		};
		3649529E5FE156222FF528CE /* Debug */ = {
			isa = XCBuildConfiguration;
			buildSettings = {
				INFOPLIST_FILE = TravelNotes/Info.plist;
				PRODUCT_BUNDLE_IDENTIFIER = com.bmfish.TravelNotes;
			};
			name = Debug;
		};
		99DEB13EB38E474DB305DCCB /* Debug */ = {
			isa = XCBuildConfiguration;
			buildSettings = {
				ASSETCATALOG_COMPILER_APPICON_NAME = AppIcon;
				ASSETCATALOG_COMPILER_GLOBAL_ACCENT_COLOR_NAME = AccentColor;
				CODE_SIGN_STYLE = Automatic;
				CURRENT_PROJECT_VERSION = 1;
				DERIVE_MACCATALYST_PRODUCT_BUNDLE_IDENTIFIER = YES;
				DEVELOPMENT_TEAM = Y8L223H5F9;
				IPHONEOS_DEPLOYMENT_TARGET = 17.0;
				MARKETING_VERSION = 1.0.0;
				PRODUCT_NAME = "$(TARGET_NAME)";
				SDKROOT = iphoneos;
				SUPPORTED_PLATFORMS = "iphoneos iphonesimulator macosx";
				SUPPORTS_MACCATALYST = YES;
				SWIFT_VERSION = 5.0;
				TARGETED_DEVICE_FAMILY = "1,2";
			};
			name = Debug;
		};
		CFE68E7BC02C1985ED8CABDE /* Release */ = {
			isa = XCBuildConfiguration;
			buildSettings = {
				ASSETCATALOG_COMPILER_APPICON_NAME = AppIcon;
				ASSETCATALOG_COMPILER_GLOBAL_ACCENT_COLOR_NAME = AccentColor;
				CODE_SIGN_STYLE = Automatic;
				CURRENT_PROJECT_VERSION = 1;
				DERIVE_MACCATALYST_PRODUCT_BUNDLE_IDENTIFIER = YES;
				DEVELOPMENT_TEAM = Y8L223H5F9;
				IPHONEOS_DEPLOYMENT_TARGET = 17.0;
				MARKETING_VERSION = 1.0.0;
				PRODUCT_NAME = "$(TARGET_NAME)";
				SDKROOT = iphoneos;
				SUPPORTED_PLATFORMS = "iphoneos iphonesimulator macosx";
				SUPPORTS_MACCATALYST = YES;
				SWIFT_VERSION = 5.0;
				TARGETED_DEVICE_FAMILY = "1,2";
			};
			name = Release;
		};
/* End XCBuildConfiguration section */

/* Begin XCConfigurationList section */
		239A25C9F85EDCC524CD2DBA /* Build configuration list for PBXProject "TravelNotes" */ = {
			isa = XCConfigurationList;
			buildConfigurations = (
				99DEB13EB38E474DB305DCCB /* Debug */,
				CFE68E7BC02C1985ED8CABDE /* Release */,
			);
			defaultConfigurationIsVisible = 0;
			defaultConfigurationName = Debug;
		};
		FA1A822692ECA3A1DBFE6BE3 /* Build configuration list for PBXNativeTarget "TravelNotes" */ = {
			isa = XCConfigurationList;
			buildConfigurations = (
				3649529E5FE156222FF528CE /* Debug */,
				0AB9F566860E38414DC182F6 /* Release */,
			);
			defaultConfigurationIsVisible = 0;
			defaultConfigurationName = Debug;
		};
/* End XCConfigurationList section */
	};
	rootObject = 65CF1C13259372DA8E1E84C0 /* Project object */;
}
